hash: 6f43d8aa96fc660b23b78e7a9781d1cb9e96fed27757cbcd9a2ebef4695273c8
updated: 2016-06-27T16:33:30.027054682+01:00
imports:
- name: github.com/coreos/etcd
  version: aab905f7ccd12733b16931953677bef7e8ce5400
  subpackages:
  - client
  - pkg/pathutil
  - pkg/types
- name: github.com/docopt/docopt-go
  version: 784ddc588536785e7299f7272f39101f7faccc3f
- name: github.com/fvbock/trie
  version: 1d40233c66bdef97a7d978cbe799531a6acf1ea6
- name: github.com/golang/protobuf
  version: 0c1f6d65b5a189c2250d10e71a5506f06f9fa0a0
  subpackages:
  - proto
- name: github.com/onsi/gomega
  version: 0df7b7fdb38123c12a1f569f0affb2c2a7bd72cf
- name: github.com/op/go-logging
  version: 970db520ece77730c7e4724c61121037378659d9
- name: github.com/projectcalico/libcalico
  version: 47cac4305bb9eeea9cb4ada9f6e2e2ced7057ebc
  repo: git@github.com:fasaxc/libcalico.git
  vcs: git
  subpackages:
  - lib
- name: github.com/satori/go.uuid
  version: 879c5887cd475cd7864858769793b2ceb0d44feb
- name: github.com/ugorji/go
  version: b94837a2404ab90efe9289e77a70694c355739cb
  subpackages:
  - codec
- name: golang.org/x/net
  version: e445b19913b9d40fdbdfe19ac5e3d314aafd6f63
  subpackages:
  - context
- name: google.golang.org/appengine
  version: 267c27e7492265b84fc6719503b14a1e17975d79
  subpackages:
  - datastore
  - internal
  - internal/datastore
  - internal/app_identity
  - internal/modules
  - internal/base
  - internal/log
  - internal/remote_api
- name: gopkg.in/tchap/go-patricia.v2
  version: 8304b1f670ec9603eb3eebcb3bd08e13a8a2630b
  subpackages:
  - patricia
- name: gopkg.in/vmihailenco/msgpack.v2
  version: 613c50bacd4fc31ec0fc541489863db3ed02274a
  subpackages:
  - codes
- name: gopkg.in/yaml.v2
  version: a83829b6f1293c91addabc89d0571c246397bbf4
devImports: []
