hash: 336bda1383d5b61e4dc39a9e23899acfa28db9e40b8308837120994079b4fe44
updated: 2016-06-20T19:32:34.885163223+01:00
imports:
- name: github.com/coreos/etcd
  version: f20573b57637181852ebc9c56a66465de13f7cac
  subpackages:
  - client
  - pkg/pathutil
  - pkg/types
- name: github.com/docopt/docopt-go
  version: 784ddc588536785e7299f7272f39101f7faccc3f
- name: github.com/fvbock/trie
  version: 1d40233c66bdef97a7d978cbe799531a6acf1ea6
- name: github.com/golang/protobuf
  version: 9e6977f30c91c78396e719e164e57f9287fff42c
  subpackages:
  - proto
- name: github.com/onsi/gomega
  version: 3e93f011213c200aadafcb19ed56eb718381cfbd
- name: github.com/op/go-logging
  version: 970db520ece77730c7e4724c61121037378659d9
- name: github.com/ugorji/go
  version: a396ed22fc049df733440d90efe17475e3929ccb
  subpackages:
  - codec
- name: golang.org/x/net
  version: 0c607074acd38c5f23d1344dfe74c977464d1257
  subpackages:
  - context
- name: google.golang.org/appengine
  version: 7f59a8c76b8594d06044bfe0bcbe475cb2020482
  subpackages:
  - datastore
  - internal
  - internal/datastore
  - internal/app_identity
  - internal/modules
  - internal/base
  - internal/remote_api
- name: gopkg.in/tchap/go-patricia.v2
  version: 42daf53d2c20234572a4640ac642df046505562d
  subpackages:
  - patricia
- name: gopkg.in/vmihailenco/msgpack.v2
  version: 005134bfb4bf69b74e05382eddacea6a4585e4aa
  subpackages:
  - codes
- name: gopkg.in/yaml.v2
  version: a83829b6f1293c91addabc89d0571c246397bbf4
devImports: []
